
Microsoft Visual Studio Solution File, Format Version 12.00
# Visual Studio 15
VisualStudioVersion = 15.0.26124.0
MinimumVisualStudioVersion = 15.0.26124.0
Project("{FAE04EC0-301F-11D3-BF4B-00C04F79EFBC}") = "MVVM", "MVVM\MVVM.csproj", "{7007C24A-75B3-4EE7-951D-9D08444B4F7A}"
EndProject
Project("{FAE04EC0-301F-11D3-BF4B-00C04F79EFBC}") = "Helpers", "Helpers\Helpers.csproj", "{5C5A8F77-D2A7-41FB-97A1-C7F07FB094FD}"
EndProject
Project("{FAE04EC0-301F-11D3-BF4B-00C04F79EFBC}") = "Converters", "Converters\Converters.csproj", "{A8E9EF53-0E3F-4422-AC8F-ACC6FDDCC414}"
EndProject
Project("{FAE04EC0-301F-11D3-BF4B-00C04F79EFBC}") = "CustomStructures", "CustomStructures\CustomStructures.csproj", "{BB0C3C2D-B162-482B-B8C1-3CEF17BD32E6}"
EndProject
Project("{FAE04EC0-301F-11D3-BF4B-00C04F79EFBC}") = "Testing", "Testing\Testing.csproj", "{B74B6E5B-477E-4675-B5B4-38D688D9885C}"
EndProject
Global
	GlobalSection(SolutionConfigurationPlatforms) = preSolution
		Debug|Any CPU = Debug|Any CPU
		Debug|x64 = Debug|x64
		Debug|x86 = Debug|x86
		Release|Any CPU = Release|Any CPU
		Release|x64 = Release|x64
		Release|x86 = Release|x86
	EndGlobalSection
	GlobalSection(SolutionProperties) = preSolution
		HideSolutionNode = FALSE
	EndGlobalSection
	GlobalSection(ProjectConfigurationPlatforms) = postSolution
		{7007C24A-75B3-4EE7-951D-9D08444B4F7A}.Debug|Any CPU.ActiveCfg = Debug|Any CPU
		{7007C24A-75B3-4EE7-951D-9D08444B4F7A}.Debug|Any CPU.Build.0 = Debug|Any CPU
		{7007C24A-75B3-4EE7-951D-9D08444B4F7A}.Debug|x64.ActiveCfg = Debug|Any CPU
		{7007C24A-75B3-4EE7-951D-9D08444B4F7A}.Debug|x64.Build.0 = Debug|Any CPU
		{7007C24A-75B3-4EE7-951D-9D08444B4F7A}.Debug|x86.ActiveCfg = Debug|Any CPU
		{7007C24A-75B3-4EE7-951D-9D08444B4F7A}.Debug|x86.Build.0 = Debug|Any CPU
		{7007C24A-75B3-4EE7-951D-9D08444B4F7A}.Release|Any CPU.ActiveCfg = Release|Any CPU
		{7007C24A-75B3-4EE7-951D-9D08444B4F7A}.Release|Any CPU.Build.0 = Release|Any CPU
		{7007C24A-75B3-4EE7-951D-9D08444B4F7A}.Release|x64.ActiveCfg = Release|Any CPU
		{7007C24A-75B3-4EE7-951D-9D08444B4F7A}.Release|x64.Build.0 = Release|Any CPU
		{7007C24A-75B3-4EE7-951D-9D08444B4F7A}.Release|x86.ActiveCfg = Release|Any CPU
		{7007C24A-75B3-4EE7-951D-9D08444B4F7A}.Release|x86.Build.0 = Release|Any CPU
		{5C5A8F77-D2A7-41FB-97A1-C7F07FB094FD}.Debug|Any CPU.ActiveCfg = Debug|Any CPU
		{5C5A8F77-D2A7-41FB-97A1-C7F07FB094FD}.Debug|Any CPU.Build.0 = Debug|Any CPU
		{5C5A8F77-D2A7-41FB-97A1-C7F07FB094FD}.Debug|x64.ActiveCfg = Debug|Any CPU
		{5C5A8F77-D2A7-41FB-97A1-C7F07FB094FD}.Debug|x64.Build.0 = Debug|Any CPU
		{5C5A8F77-D2A7-41FB-97A1-C7F07FB094FD}.Debug|x86.ActiveCfg = Debug|Any CPU
		{5C5A8F77-D2A7-41FB-97A1-C7F07FB094FD}.Debug|x86.Build.0 = Debug|Any CPU
		{5C5A8F77-D2A7-41FB-97A1-C7F07FB094FD}.Release|Any CPU.ActiveCfg = Release|Any CPU
		{5C5A8F77-D2A7-41FB-97A1-C7F07FB094FD}.Release|Any CPU.Build.0 = Release|Any CPU
		{5C5A8F77-D2A7-41FB-97A1-C7F07FB094FD}.Release|x64.ActiveCfg = Release|Any CPU
		{5C5A8F77-D2A7-41FB-97A1-C7F07FB094FD}.Release|x64.Build.0 = Release|Any CPU
		{5C5A8F77-D2A7-41FB-97A1-C7F07FB094FD}.Release|x86.ActiveCfg = Release|Any CPU
		{5C5A8F77-D2A7-41FB-97A1-C7F07FB094FD}.Release|x86.Build.0 = Release|Any CPU
		{A8E9EF53-0E3F-4422-AC8F-ACC6FDDCC414}.Debug|Any CPU.ActiveCfg = Debug|Any CPU
		{A8E9EF53-0E3F-4422-AC8F-ACC6FDDCC414}.Debug|Any CPU.Build.0 = Debug|Any CPU
		{A8E9EF53-0E3F-4422-AC8F-ACC6FDDCC414}.Debug|x64.ActiveCfg = Debug|Any CPU
		{A8E9EF53-0E3F-4422-AC8F-ACC6FDDCC414}.Debug|x64.Build.0 = Debug|Any CPU
		{A8E9EF53-0E3F-4422-AC8F-ACC6FDDCC414}.Debug|x86.ActiveCfg = Debug|Any CPU
		{A8E9EF53-0E3F-4422-AC8F-ACC6FDDCC414}.Debug|x86.Build.0 = Debug|Any CPU
		{A8E9EF53-0E3F-4422-AC8F-ACC6FDDCC414}.Release|Any CPU.ActiveCfg = Release|Any CPU
		{A8E9EF53-0E3F-4422-AC8F-ACC6FDDCC414}.Release|Any CPU.Build.0 = Release|Any CPU
		{A8E9EF53-0E3F-4422-AC8F-ACC6FDDCC414}.Release|x64.ActiveCfg = Release|Any CPU
		{A8E9EF53-0E3F-4422-AC8F-ACC6FDDCC414}.Release|x64.Build.0 = Release|Any CPU
		{A8E9EF53-0E3F-4422-AC8F-ACC6FDDCC414}.Release|x86.ActiveCfg = Release|Any CPU
		{A8E9EF53-0E3F-4422-AC8F-ACC6FDDCC414}.Release|x86.Build.0 = Release|Any CPU
		{BB0C3C2D-B162-482B-B8C1-3CEF17BD32E6}.Debug|Any CPU.ActiveCfg = Debug|Any CPU
		{BB0C3C2D-B162-482B-B8C1-3CEF17BD32E6}.Debug|Any CPU.Build.0 = Debug|Any CPU
		{BB0C3C2D-B162-482B-B8C1-3CEF17BD32E6}.Debug|x64.ActiveCfg = Debug|Any CPU
		{BB0C3C2D-B162-482B-B8C1-3CEF17BD32E6}.Debug|x64.Build.0 = Debug|Any CPU
		{BB0C3C2D-B162-482B-B8C1-3CEF17BD32E6}.Debug|x86.ActiveCfg = Debug|Any CPU
		{BB0C3C2D-B162-482B-B8C1-3CEF17BD32E6}.Debug|x86.Build.0 = Debug|Any CPU
		{BB0C3C2D-B162-482B-B8C1-3CEF17BD32E6}.Release|Any CPU.ActiveCfg = Release|Any CPU
		{BB0C3C2D-B162-482B-B8C1-3CEF17BD32E6}.Release|Any CPU.Build.0 = Release|Any CPU
		{BB0C3C2D-B162-482B-B8C1-3CEF17BD32E6}.Release|x64.ActiveCfg = Release|Any CPU
		{BB0C3C2D-B162-482B-B8C1-3CEF17BD32E6}.Release|x64.Build.0 = Release|Any CPU
		{BB0C3C2D-B162-482B-B8C1-3CEF17BD32E6}.Release|x86.ActiveCfg = Release|Any CPU
		{BB0C3C2D-B162-482B-B8C1-3CEF17BD32E6}.Release|x86.Build.0 = Release|Any CPU
		{B74B6E5B-477E-4675-B5B4-38D688D9885C}.Debug|Any CPU.ActiveCfg = Debug|Any CPU
		{B74B6E5B-477E-4675-B5B4-38D688D9885C}.Debug|Any CPU.Build.0 = Debug|Any CPU
		{B74B6E5B-477E-4675-B5B4-38D688D9885C}.Debug|x64.ActiveCfg = Debug|Any CPU
		{B74B6E5B-477E-4675-B5B4-38D688D9885C}.Debug|x64.Build.0 = Debug|Any CPU
		{B74B6E5B-477E-4675-B5B4-38D688D9885C}.Debug|x86.ActiveCfg = Debug|Any CPU
		{B74B6E5B-477E-4675-B5B4-38D688D9885C}.Debug|x86.Build.0 = Debug|Any CPU
		{B74B6E5B-477E-4675-B5B4-38D688D9885C}.Release|Any CPU.ActiveCfg = Release|Any CPU
		{B74B6E5B-477E-4675-B5B4-38D688D9885C}.Release|Any CPU.Build.0 = Release|Any CPU
		{B74B6E5B-477E-4675-B5B4-38D688D9885C}.Release|x64.ActiveCfg = Release|Any CPU
		{B74B6E5B-477E-4675-B5B4-38D688D9885C}.Release|x64.Build.0 = Release|Any CPU
		{B74B6E5B-477E-4675-B5B4-38D688D9885C}.Release|x86.ActiveCfg = Release|Any CPU
		{B74B6E5B-477E-4675-B5B4-38D688D9885C}.Release|x86.Build.0 = Release|Any CPU
	EndGlobalSection
EndGlobal
